
Microsoft Visual Studio Solution File, Format Version 12.00
Project("{FAE04EC0-301F-11D3-BF4B-00C04F79EFBC}") = "gRPCServiceServer", "gRPCServiceServer\gRPCServiceServer.csproj", "{B37FA25E-0763-4EBF-A38E-59757241ACE6}"
EndProject
Project("{FAE04EC0-301F-11D3-BF4B-00C04F79EFBC}") = "gRPCServiceClient", "gRPCServiceClient\gRPCServiceClient.csproj", "{2B2DCCF5-8530-4C31-84A4-21EB2A155FF2}"
EndProject
Global
	GlobalSection(SolutionConfigurationPlatforms) = preSolution
		Debug|Any CPU = Debug|Any CPU
		Release|Any CPU = Release|Any CPU
	EndGlobalSection
	GlobalSection(ProjectConfigurationPlatforms) = postSolution
		{B37FA25E-0763-4EBF-A38E-59757241ACE6}.Debug|Any CPU.ActiveCfg = Debug|Any CPU
		{B37FA25E-0763-4EBF-A38E-59757241ACE6}.Debug|Any CPU.Build.0 = Debug|Any CPU
		{B37FA25E-0763-4EBF-A38E-59757241ACE6}.Release|Any CPU.ActiveCfg = Release|Any CPU
		{B37FA25E-0763-4EBF-A38E-59757241ACE6}.Release|Any CPU.Build.0 = Release|Any CPU
		{2B2DCCF5-8530-4C31-84A4-21EB2A155FF2}.Debug|Any CPU.ActiveCfg = Debug|Any CPU
		{2B2DCCF5-8530-4C31-84A4-21EB2A155FF2}.Debug|Any CPU.Build.0 = Debug|Any CPU
		{2B2DCCF5-8530-4C31-84A4-21EB2A155FF2}.Release|Any CPU.ActiveCfg = Release|Any CPU
		{2B2DCCF5-8530-4C31-84A4-21EB2A155FF2}.Release|Any CPU.Build.0 = Release|Any CPU
	EndGlobalSection
EndGlobal
